
Microsoft Visual Studio Solution File, Format Version 12.00
# Visual Studio Version 16
VisualStudioVersion = 16.0.32228.343
MinimumVisualStudioVersion = 10.0.40219.1
Project("{9A19103F-16F7-4668-BE54-9A1E7A4F7556}") = "Lotus.Calendly.ConsoleUI", "Lotus.Calendly.ConsoleUI\Lotus.Calendly.ConsoleUI.csproj", "{BDE0EBD4-6CCB-4F6E-B663-1BC631223CA5}"
EndProject
Project("{9A19103F-16F7-4668-BE54-9A1E7A4F7556}") = "Lotus.DataAccessLayerCalendly", "Lotus.DataAccessLayerCalendly\Lotus.DataAccessLayerCalendly.csproj", "{CB7F4913-1F82-43FC-A01B-39B7630E3A7A}"
EndProject
Project("{9A19103F-16F7-4668-BE54-9A1E7A4F7556}") = "Lotus.ServiceLayerCalendly", "Lotus.ServiceLayerCalendly\Lotus.ServiceLayerCalendly.csproj", "{A8C50943-5F9E-47E9-A7C2-646A36A28437}"
EndProject
Global
	GlobalSection(SolutionConfigurationPlatforms) = preSolution
		Debug|Any CPU = Debug|Any CPU
		Release|Any CPU = Release|Any CPU
	EndGlobalSection
	GlobalSection(ProjectConfigurationPlatforms) = postSolution
		{BDE0EBD4-6CCB-4F6E-B663-1BC631223CA5}.Debug|Any CPU.ActiveCfg = Debug|Any CPU
		{BDE0EBD4-6CCB-4F6E-B663-1BC631223CA5}.Debug|Any CPU.Build.0 = Debug|Any CPU
		{BDE0EBD4-6CCB-4F6E-B663-1BC631223CA5}.Release|Any CPU.ActiveCfg = Release|Any CPU
		{BDE0EBD4-6CCB-4F6E-B663-1BC631223CA5}.Release|Any CPU.Build.0 = Release|Any CPU
		{CB7F4913-1F82-43FC-A01B-39B7630E3A7A}.Debug|Any CPU.ActiveCfg = Debug|Any CPU
		{CB7F4913-1F82-43FC-A01B-39B7630E3A7A}.Debug|Any CPU.Build.0 = Debug|Any CPU
		{CB7F4913-1F82-43FC-A01B-39B7630E3A7A}.Release|Any CPU.ActiveCfg = Release|Any CPU
		{CB7F4913-1F82-43FC-A01B-39B7630E3A7A}.Release|Any CPU.Build.0 = Release|Any CPU
		{A8C50943-5F9E-47E9-A7C2-646A36A28437}.Debug|Any CPU.ActiveCfg = Debug|Any CPU
		{A8C50943-5F9E-47E9-A7C2-646A36A28437}.Debug|Any CPU.Build.0 = Debug|Any CPU
		{A8C50943-5F9E-47E9-A7C2-646A36A28437}.Release|Any CPU.ActiveCfg = Release|Any CPU
		{A8C50943-5F9E-47E9-A7C2-646A36A28437}.Release|Any CPU.Build.0 = Release|Any CPU
	EndGlobalSection
	GlobalSection(SolutionProperties) = preSolution
		HideSolutionNode = FALSE
	EndGlobalSection
	GlobalSection(ExtensibilityGlobals) = postSolution
		SolutionGuid = {A737152F-D58B-461A-AAFA-19A0DCB3CE86}
	EndGlobalSection
EndGlobal
